
Microsoft Visual Studio Solution File, Format Version 12.00
# Visual Studio 15
VisualStudioVersion = 15.0.28307.168
MinimumVisualStudioVersion = 10.0.40219.1
Project("{FAE04EC0-301F-11D3-BF4B-00C04F79EFBC}") = "E-commerce", "E-commerce\E-commerce.csproj", "{421941D3-9404-4481-919E-D506B4A68198}"
EndProject
Global
	GlobalSection(SolutionConfigurationPlatforms) = preSolution
		Debug|Any CPU = Debug|Any CPU
		Release|Any CPU = Release|Any CPU
	EndGlobalSection
	GlobalSection(ProjectConfigurationPlatforms) = postSolution
		{421941D3-9404-4481-919E-D506B4A68198}.Debug|Any CPU.ActiveCfg = Debug|Any CPU
		{421941D3-9404-4481-919E-D506B4A68198}.Debug|Any CPU.Build.0 = Debug|Any CPU
		{421941D3-9404-4481-919E-D506B4A68198}.Release|Any CPU.ActiveCfg = Release|Any CPU
		{421941D3-9404-4481-919E-D506B4A68198}.Release|Any CPU.Build.0 = Release|Any CPU
	EndGlobalSection
	GlobalSection(SolutionProperties) = preSolution
		HideSolutionNode = FALSE
	EndGlobalSection
	GlobalSection(ExtensibilityGlobals) = postSolution
		SolutionGuid = {58F644CF-8ACF-4C73-87C6-5C3E6F5CA2D8}
	EndGlobalSection
EndGlobal
